// !$*UTF8*$!
{
	archiveVersion = 1;
	classes = {
	};
	objectVersion = 50;
	objects = {

/* Begin PBXBuildFile section */
		16BE7D4F22683E77000A9E7C /* AppDelegate.swift in Sources */ = {isa = PBXBuildFile; fileRef = 16BE7D4E22683E77000A9E7C /* AppDelegate.swift */; };
		16BE7D5122683E77000A9E7C /* MainVC.swift in Sources */ = {isa = PBXBuildFile; fileRef = 16BE7D5022683E77000A9E7C /* MainVC.swift */; };
		16BE7D5422683E77000A9E7C /* Main.storyboard in Resources */ = {isa = PBXBuildFile; fileRef = 16BE7D5222683E77000A9E7C /* Main.storyboard */; };
		16BE7D5622683E78000A9E7C /* Assets.xcassets in Resources */ = {isa = PBXBuildFile; fileRef = 16BE7D5522683E78000A9E7C /* Assets.xcassets */; };
		16BE7D5922683E78000A9E7C /* LaunchScreen.storyboard in Resources */ = {isa = PBXBuildFile; fileRef = 16BE7D5722683E78000A9E7C /* LaunchScreen.storyboard */; };
		16BE7D662268415A000A9E7C /* CurrencyTxtField.swift in Sources */ = {isa = PBXBuildFile; fileRef = 16BE7D652268415A000A9E7C /* CurrencyTxtField.swift */; };
/* End PBXBuildFile section */

/* Begin PBXFileReference section */
		16BE7D4B22683E77000A9E7C /* windowShopperApp.app */ = {isa = PBXFileReference; explicitFileType = wrapper.application; includeInIndex = 0; path = windowShopperApp.app; sourceTree = BUILT_PRODUCTS_DIR; };
		16BE7D4E22683E77000A9E7C /* AppDelegate.swift */ = {isa = PBXFileReference; lastKnownFileType = sourcecode.swift; path = AppDelegate.swift; sourceTree = "<group>"; };
		16BE7D5022683E77000A9E7C /* MainVC.swift */ = {isa = PBXFileReference; lastKnownFileType = sourcecode.swift; path = MainVC.swift; sourceTree = "<group>"; };
		16BE7D5322683E77000A9E7C /* Base */ = {isa = PBXFileReference; lastKnownFileType = file.storyboard; name = Base; path = Base.lproj/Main.storyboard; sourceTree = "<group>"; };
		16BE7D5522683E78000A9E7C /* Assets.xcassets */ = {isa = PBXFileReference; lastKnownFileType = folder.assetcatalog; path = Assets.xcassets; sourceTree = "<group>"; };
		16BE7D5822683E78000A9E7C /* Base */ = {isa = PBXFileReference; lastKnownFileType = file.storyboard; name = Base; path = Base.lproj/LaunchScreen.storyboard; sourceTree = "<group>"; };
		16BE7D5A22683E78000A9E7C /* Info.plist */ = {isa = PBXFileReference; lastKnownFileType = text.plist.xml; path = Info.plist; sourceTree = "<group>"; };
		16BE7D652268415A000A9E7C /* CurrencyTxtField.swift */ = {isa = PBXFileReference; lastKnownFileType = sourcecode.swift; path = CurrencyTxtField.swift; sourceTree = "<group>"; };
/* End PBXFileReference section */

/* Begin PBXFrameworksBuildPhase section */
		16BE7D4822683E77000A9E7C /* Frameworks */ = {
			isa = PBXFrameworksBuildPhase;
			buildActionMask = 2147483647;
			files = (
			);
			runOnlyForDeploymentPostprocessing = 0;
		};
/* End PBXFrameworksBuildPhase section */

/* Begin PBXGroup section */
		16BE7D4222683E77000A9E7C = {
			isa = PBXGroup;
			children = (
				16BE7D4D22683E77000A9E7C /* windowShopperApp */,
				16BE7D4C22683E77000A9E7C /* Products */,
			);
			sourceTree = "<group>";
		};
		16BE7D4C22683E77000A9E7C /* Products */ = {
			isa = PBXGroup;
			children = (
				16BE7D4B22683E77000A9E7C /* windowShopperApp.app */,
			);
			name = Products;
			sourceTree = "<group>";
		};
		16BE7D4D22683E77000A9E7C /* windowShopperApp */ = {
			isa = PBXGroup;
			children = (
				16BE7D6422684007000A9E7C /* Model */,
				16BE7D6322683FF9000A9E7C /* Views */,
				16BE7D6222683FEB000A9E7C /* Controller */,
				16BE7D4E22683E77000A9E7C /* AppDelegate.swift */,
				16BE7D5222683E77000A9E7C /* Main.storyboard */,
				16BE7D5522683E78000A9E7C /* Assets.xcassets */,
				16BE7D5722683E78000A9E7C /* LaunchScreen.storyboard */,
				16BE7D5A22683E78000A9E7C /* Info.plist */,
			);
			path = windowShopperApp;
			sourceTree = "<group>";
		};
		16BE7D6222683FEB000A9E7C /* Controller */ = {
			isa = PBXGroup;
			children = (
				16BE7D5022683E77000A9E7C /* MainVC.swift */,
			);
			path = Controller;
			sourceTree = "<group>";
		};
		16BE7D6322683FF9000A9E7C /* Views */ = {
			isa = PBXGroup;
			children = (
				16BE7D652268415A000A9E7C /* CurrencyTxtField.swift */,
			);
			path = Views;
			sourceTree = "<group>";
		};
		16BE7D6422684007000A9E7C /* Model */ = {
			isa = PBXGroup;
			children = (
			);
			path = Model;
			sourceTree = "<group>";
		};
/* End PBXGroup section */

/* Begin PBXNativeTarget section */
		16BE7D4A22683E77000A9E7C /* windowShopperApp */ = {
			isa = PBXNativeTarget;
			buildConfigurationList = 16BE7D5D22683E78000A9E7C /* Build configuration list for PBXNativeTarget "windowShopperApp" */;
			buildPhases = (
				16BE7D4722683E77000A9E7C /* Sources */,
				16BE7D4822683E77000A9E7C /* Frameworks */,
				16BE7D4922683E77000A9E7C /* Resources */,
			);
			buildRules = (
			);
			dependencies = (
			);
			name = windowShopperApp;
			productName = windowShopperApp;
			productReference = 16BE7D4B22683E77000A9E7C /* windowShopperApp.app */;
			productType = "com.apple.product-type.application";
		};
/* End PBXNativeTarget section */

/* Begin PBXProject section */
		16BE7D4322683E77000A9E7C /* Project object */ = {
			isa = PBXProject;
			attributes = {
				LastSwiftUpdateCheck = 1010;
				LastUpgradeCheck = 1010;
				ORGANIZATIONNAME = jacob;
				TargetAttributes = {
					16BE7D4A22683E77000A9E7C = {
						CreatedOnToolsVersion = 10.1;
					};
				};
			};
			buildConfigurationList = 16BE7D4622683E77000A9E7C /* Build configuration list for PBXProject "windowShopperApp" */;
			compatibilityVersion = "Xcode 9.3";
			developmentRegion = en;
			hasScannedForEncodings = 0;
			knownRegions = (
				en,
				Base,
			);
			mainGroup = 16BE7D4222683E77000A9E7C;
			productRefGroup = 16BE7D4C22683E77000A9E7C /* Products */;
			projectDirPath = "";
			projectRoot = "";
			targets = (
				16BE7D4A22683E77000A9E7C /* windowShopperApp */,
			);
		};
/* End PBXProject section */

/* Begin PBXResourcesBuildPhase section */
		16BE7D4922683E77000A9E7C /* Resources */ = {
			isa = PBXResourcesBuildPhase;
			buildActionMask = 2147483647;
			files = (
				16BE7D5922683E78000A9E7C /* LaunchScreen.storyboard in Resources */,
				16BE7D5622683E78000A9E7C /* Assets.xcassets in Resources */,
				16BE7D5422683E77000A9E7C /* Main.storyboard in Resources */,
			);
			runOnlyForDeploymentPostprocessing = 0;
		};
/* End PBXResourcesBuildPhase section */

/* Begin PBXSourcesBuildPhase section */
		16BE7D4722683E77000A9E7C /* Sources */ = {
			isa = PBXSourcesBuildPhase;
			buildActionMask = 2147483647;
			files = (
				16BE7D662268415A000A9E7C /* CurrencyTxtField.swift in Sources */,
				16BE7D5122683E77000A9E7C /* MainVC.swift in Sources */,
				16BE7D4F22683E77000A9E7C /* AppDelegate.swift in Sources */,
			);
			runOnlyForDeploymentPostprocessing = 0;
		};
/* End PBXSourcesBuildPhase section */

/* Begin PBXVariantGroup section */
		16BE7D5222683E77000A9E7C /* Main.storyboard */ = {
			isa = PBXVariantGroup;
			children = (
				16BE7D5322683E77000A9E7C /* Base */,
			);
			name = Main.storyboard;
			sourceTree = "<group>";
		};
		16BE7D5722683E78000A9E7C /* LaunchScreen.storyboard */ = {
			isa = PBXVariantGroup;
			children = (
				16BE7D5822683E78000A9E7C /* Base */,
			);
			name = LaunchScreen.storyboard;
			sourceTree = "<group>";
		};
/* End PBXVariantGroup section */

/* Begin XCBuildConfiguration section */
		16BE7D5B22683E78000A9E7C /* Debug */ = {
			isa = XCBuildConfiguration;
			buildSettings = {
				ALWAYS_SEARCH_USER_PATHS = NO;
				CLANG_ANALYZER_NONNULL = YES;
				CLANG_ANALYZER_NUMBER_OBJECT_CONVERSION = YES_AGGRESSIVE;
				CLANG_CXX_LANGUAGE_STANDARD = "gnu++14";
				CLANG_CXX_LIBRARY = "libc++";
				CLANG_ENABLE_MODULES = YES;
				CLANG_ENABLE_OBJC_ARC = YES;
				CLANG_ENABLE_OBJC_WEAK = YES;
				CLANG_WARN_BLOCK_CAPTURE_AUTORELEASING = YES;
				CLANG_WARN_BOOL_CONVERSION = YES;
				CLANG_WARN_COMMA = YES;
				CLANG_WARN_CONSTANT_CONVERSION = YES;
				CLANG_WARN_DEPRECATED_OBJC_IMPLEMENTATIONS = YES;
				CLANG_WARN_DIRECT_OBJC_ISA_USAGE = YES_ERROR;
				CLANG_WARN_DOCUMENTATION_COMMENTS = YES;
				CLANG_WARN_EMPTY_BODY = YES;
				CLANG_WARN_ENUM_CONVERSION = YES;
				CLANG_WARN_INFINITE_RECURSION = YES;
				CLANG_WARN_INT_CONVERSION = YES;
				CLANG_WARN_NON_LITERAL_NULL_CONVERSION = YES;
				CLANG_WARN_OBJC_IMPLICIT_RETAIN_SELF = YES;
				CLANG_WARN_OBJC_LITERAL_CONVERSION = YES;
				CLANG_WARN_OBJC_ROOT_CLASS = YES_ERROR;
				CLANG_WARN_RANGE_LOOP_ANALYSIS = YES;
				CLANG_WARN_STRICT_PROTOTYPES = YES;
				CLANG_WARN_SUSPICIOUS_MOVE = YES;
				CLANG_WARN_UNGUARDED_AVAILABILITY = YES_AGGRESSIVE;
				CLANG_WARN_UNREACHABLE_CODE = YES;
				CLANG_WARN__DUPLICATE_METHOD_MATCH = YES;
				CODE_SIGN_IDENTITY = "iPhone Developer";
				COPY_PHASE_STRIP = NO;
				DEBUG_INFORMATION_FORMAT = dwarf;
				ENABLE_STRICT_OBJC_MSGSEND = YES;
				ENABLE_TESTABILITY = YES;
				GCC_C_LANGUAGE_STANDARD = gnu11;
				GCC_DYNAMIC_NO_PIC = NO;
				GCC_NO_COMMON_BLOCKS = YES;
				GCC_OPTIMIZATION_LEVEL = 0;
				GCC_PREPROCESSOR_DEFINITIONS = (
					"DEBUG=1",
					"$(inherited)",
				);
				GCC_WARN_64_TO_32_BIT_CONVERSION = YES;
				GCC_WARN_ABOUT_RETURN_TYPE = YES_ERROR;
				GCC_WARN_UNDECLARED_SELECTOR = YES;
				GCC_WARN_UNINITIALIZED_AUTOS = YES_AGGRESSIVE;
				GCC_WARN_UNUSED_FUNCTION = YES;
				GCC_WARN_UNUSED_VARIABLE = YES;
				IPHONEOS_DEPLOYMENT_TARGET = 12.1;
				MTL_ENABLE_DEBUG_INFO = INCLUDE_SOURCE;
				MTL_FAST_MATH = YES;
				ONLY_ACTIVE_ARCH = YES;
				SDKROOT = iphoneos;
				SWIFT_ACTIVE_COMPILATION_CONDITIONS = DEBUG;
				SWIFT_OPTIMIZATION_LEVEL = "-Onone";
			};
			name = Debug;
		};
		16BE7D5C22683E78000A9E7C /* Release */ = {
			isa = XCBuildConfiguration;
			buildSettings = {
				ALWAYS_SEARCH_USER_PATHS = NO;
				CLANG_ANALYZER_NONNULL = YES;
				CLANG_ANALYZER_NUMBER_OBJECT_CONVERSION = YES_AGGRESSIVE;
				CLANG_CXX_LANGUAGE_STANDARD = "gnu++14";
				CLANG_CXX_LIBRARY = "libc++";
				CLANG_ENABLE_MODULES = YES;
				CLANG_ENABLE_OBJC_ARC = YES;
				CLANG_ENABLE_OBJC_WEAK = YES;
				CLANG_WARN_BLOCK_CAPTURE_AUTORELEASING = YES;
				CLANG_WARN_BOOL_CONVERSION = YES;
				CLANG_WARN_COMMA = YES;
				CLANG_WARN_CONSTANT_CONVERSION = YES;
				CLANG_WARN_DEPRECATED_OBJC_IMPLEMENTATIONS = YES;
				CLANG_WARN_DIRECT_OBJC_ISA_USAGE = YES_ERROR;
				CLANG_WARN_DOCUMENTATION_COMMENTS = YES;
				CLANG_WARN_EMPTY_BODY = YES;
				CLANG_WARN_ENUM_CONVERSION = YES;
				CLANG_WARN_INFINITE_RECURSION = YES;
				CLANG_WARN_INT_CONVERSION = YES;
				CLANG_WARN_NON_LITERAL_NULL_CONVERSION = YES;
				CLANG_WARN_OBJC_IMPLICIT_RETAIN_SELF = YES;
				CLANG_WARN_OBJC_LITERAL_CONVERSION = YES;
				CLANG_WARN_OBJC_ROOT_CLASS = YES_ERROR;
				CLANG_WARN_RANGE_LOOP_ANALYSIS = YES;
				CLANG_WARN_STRICT_PROTOTYPES = YES;
				CLANG_WARN_SUSPICIOUS_MOVE = YES;
				CLANG_WARN_UNGUARDED_AVAILABILITY = YES_AGGRESSIVE;
				CLANG_WARN_UNREACHABLE_CODE = YES;
				CLANG_WARN__DUPLICATE_METHOD_MATCH = YES;
				CODE_SIGN_IDENTITY = "iPhone Developer";
				COPY_PHASE_STRIP = NO;
				DEBUG_INFORMATION_FORMAT = "dwarf-with-dsym";
				ENABLE_NS_ASSERTIONS = NO;
				ENABLE_STRICT_OBJC_MSGSEND = YES;
				GCC_C_LANGUAGE_STANDARD = gnu11;
				GCC_NO_COMMON_BLOCKS = YES;
				GCC_WARN_64_TO_32_BIT_CONVERSION = YES;
				GCC_WARN_ABOUT_RETURN_TYPE = YES_ERROR;
				GCC_WARN_UNDECLARED_SELECTOR = YES;
				GCC_WARN_UNINITIALIZED_AUTOS = YES_AGGRESSIVE;
				GCC_WARN_UNUSED_FUNCTION = YES;
				GCC_WARN_UNUSED_VARIABLE = YES;
				IPHONEOS_DEPLOYMENT_TARGET = 12.1;
				MTL_ENABLE_DEBUG_INFO = NO;
				MTL_FAST_MATH = YES;
				SDKROOT = iphoneos;
				SWIFT_COMPILATION_MODE = wholemodule;
				SWIFT_OPTIMIZATION_LEVEL = "-O";
				VALIDATE_PRODUCT = YES;
			};
			name = Release;
		};
		16BE7D5E22683E78000A9E7C /* Debug */ = {
			isa = XCBuildConfiguration;
			buildSettings = {
				ASSETCATALOG_COMPILER_APPICON_NAME = AppIcon;
				CODE_SIGN_STYLE = Automatic;
				DEVELOPMENT_TEAM = 4Q3R62GU9U;
				INFOPLIST_FILE = windowShopperApp/Info.plist;
				LD_RUNPATH_SEARCH_PATHS = (
					"$(inherited)",
					"@executable_path/Frameworks",
				);
				PRODUCT_BUNDLE_IDENTIFIER = OrgIdentifier.windowShopperApp;
				PRODUCT_NAME = "$(TARGET_NAME)";
				SWIFT_VERSION = 4.2;
				TARGETED_DEVICE_FAMILY = "1,2";
			};
			name = Debug;
		};
		16BE7D5F22683E78000A9E7C /* Release */ = {
			isa = XCBuildConfiguration;
			buildSettings = {
				ASSETCATALOG_COMPILER_APPICON_NAME = AppIcon;
				CODE_SIGN_STYLE = Automatic;
				DEVELOPMENT_TEAM = 4Q3R62GU9U;
				INFOPLIST_FILE = windowShopperApp/Info.plist;
				LD_RUNPATH_SEARCH_PATHS = (
					"$(inherited)",
					"@executable_path/Frameworks",
				);
				PRODUCT_BUNDLE_IDENTIFIER = OrgIdentifier.windowShopperApp;
				PRODUCT_NAME = "$(TARGET_NAME)";
				SWIFT_VERSION = 4.2;
				TARGETED_DEVICE_FAMILY = "1,2";
			};
			name = Release;
		};
/* End XCBuildConfiguration section */

/* Begin XCConfigurationList section */
		16BE7D4622683E77000A9E7C /* Build configuration list for PBXProject "windowShopperApp" */ = {
			isa = XCConfigurationList;
			buildConfigurations = (
				16BE7D5B22683E78000A9E7C /* Debug */,
				16BE7D5C22683E78000A9E7C /* Release */,
			);
			defaultConfigurationIsVisible = 0;
			defaultConfigurationName = Release;
		};
		16BE7D5D22683E78000A9E7C /* Build configuration list for PBXNativeTarget "windowShopperApp" */ = {
			isa = XCConfigurationList;
			buildConfigurations = (
				16BE7D5E22683E78000A9E7C /* Debug */,
				16BE7D5F22683E78000A9E7C /* Release */,
			);
			defaultConfigurationIsVisible = 0;
			defaultConfigurationName = Release;
		};
/* End XCConfigurationList section */
	};
	rootObject = 16BE7D4322683E77000A9E7C /* Project object */;
}
